
Microsoft Visual Studio Solution File, Format Version 12.00
# Visual Studio Version 17
VisualStudioVersion = 17.6.33815.320
MinimumVisualStudioVersion = 10.0.40219.1
Project("{9A19103F-16F7-4668-BE54-9A1E7A4F7556}") = "WebAPI", "WebAPI\WebAPI.csproj", "{371013C0-6EB9-4279-8616-F79FEC56D5DB}"
EndProject
Project("{9A19103F-16F7-4668-BE54-9A1E7A4F7556}") = "Client", "Client\Client.csproj", "{4EB91880-2A76-4195-A9E5-A96EC42ACDC3}"
EndProject
Global
	GlobalSection(SolutionConfigurationPlatforms) = preSolution
		Debug|Any CPU = Debug|Any CPU
		Release|Any CPU = Release|Any CPU
	EndGlobalSection
	GlobalSection(ProjectConfigurationPlatforms) = postSolution
		{371013C0-6EB9-4279-8616-F79FEC56D5DB}.Debug|Any CPU.ActiveCfg = Debug|Any CPU
		{371013C0-6EB9-4279-8616-F79FEC56D5DB}.Debug|Any CPU.Build.0 = Debug|Any CPU
		{371013C0-6EB9-4279-8616-F79FEC56D5DB}.Release|Any CPU.ActiveCfg = Release|Any CPU
		{371013C0-6EB9-4279-8616-F79FEC56D5DB}.Release|Any CPU.Build.0 = Release|Any CPU
		{4EB91880-2A76-4195-A9E5-A96EC42ACDC3}.Debug|Any CPU.ActiveCfg = Debug|Any CPU
		{4EB91880-2A76-4195-A9E5-A96EC42ACDC3}.Debug|Any CPU.Build.0 = Debug|Any CPU
		{4EB91880-2A76-4195-A9E5-A96EC42ACDC3}.Release|Any CPU.ActiveCfg = Release|Any CPU
		{4EB91880-2A76-4195-A9E5-A96EC42ACDC3}.Release|Any CPU.Build.0 = Release|Any CPU
	EndGlobalSection
	GlobalSection(SolutionProperties) = preSolution
		HideSolutionNode = FALSE
	EndGlobalSection
	GlobalSection(ExtensibilityGlobals) = postSolution
		SolutionGuid = {76A69412-7AB1-4EAE-B50A-277995E41510}
	EndGlobalSection
EndGlobal
